
Microsoft Visual Studio Solution File, Format Version 12.00
# Visual Studio Version 17
VisualStudioVersion = 17.4.33213.308
MinimumVisualStudioVersion = 10.0.40219.1
Project("{FAE04EC0-301F-11D3-BF4B-00C04F79EFBC}") = "ConceptosPOO", "ConceptosPOO\ConceptosPOO.csproj", "{7BF710A9-F07A-42E8-A26F-6FF363F45D22}"
EndProject
Global
	GlobalSection(SolutionConfigurationPlatforms) = preSolution
		Debug|Any CPU = Debug|Any CPU
		Release|Any CPU = Release|Any CPU
	EndGlobalSection
	GlobalSection(ProjectConfigurationPlatforms) = postSolution
		{7BF710A9-F07A-42E8-A26F-6FF363F45D22}.Debug|Any CPU.ActiveCfg = Debug|Any CPU
		{7BF710A9-F07A-42E8-A26F-6FF363F45D22}.Debug|Any CPU.Build.0 = Debug|Any CPU
		{7BF710A9-F07A-42E8-A26F-6FF363F45D22}.Release|Any CPU.ActiveCfg = Release|Any CPU
		{7BF710A9-F07A-42E8-A26F-6FF363F45D22}.Release|Any CPU.Build.0 = Release|Any CPU
	EndGlobalSection
	GlobalSection(SolutionProperties) = preSolution
		HideSolutionNode = FALSE
	EndGlobalSection
	GlobalSection(ExtensibilityGlobals) = postSolution
		SolutionGuid = {B7988B18-E37D-484E-AC4E-79FD8E3E50B0}
	EndGlobalSection
EndGlobal
